
Microsoft Visual Studio Solution File, Format Version 12.00
# Visual Studio 2013
VisualStudioVersion = 12.0.21005.1
MinimumVisualStudioVersion = 10.0.40219.1
Project("{FAE04EC0-301F-11D3-BF4B-00C04F79EFBC}") = "MyButtonThing", "MyButtonThing\MyButtonThing.csproj", "{C6A723BE-3ED5-455C-96C0-DC6F03BE11DD}"
EndProject
Project("{FAE04EC0-301F-11D3-BF4B-00C04F79EFBC}") = "UsbHid", "UsbHid\UsbHid.csproj", "{83BC9702-4192-4654-B359-14CBD71D656E}"
EndProject
Project("{FAE04EC0-301F-11D3-BF4B-00C04F79EFBC}") = "Genome", "Genome\Genome.csproj", "{6689F4BE-E1D9-41A9-8B42-E364299D4AA5}"
EndProject
Global
	GlobalSection(SolutionConfigurationPlatforms) = preSolution
		Debug|Any CPU = Debug|Any CPU
		Release|Any CPU = Release|Any CPU
	EndGlobalSection
	GlobalSection(ProjectConfigurationPlatforms) = postSolution
		{C6A723BE-3ED5-455C-96C0-DC6F03BE11DD}.Debug|Any CPU.ActiveCfg = Debug|Any CPU
		{C6A723BE-3ED5-455C-96C0-DC6F03BE11DD}.Debug|Any CPU.Build.0 = Debug|Any CPU
		{C6A723BE-3ED5-455C-96C0-DC6F03BE11DD}.Release|Any CPU.ActiveCfg = Release|Any CPU
		{C6A723BE-3ED5-455C-96C0-DC6F03BE11DD}.Release|Any CPU.Build.0 = Release|Any CPU
		{83BC9702-4192-4654-B359-14CBD71D656E}.Debug|Any CPU.ActiveCfg = Debug|Any CPU
		{83BC9702-4192-4654-B359-14CBD71D656E}.Debug|Any CPU.Build.0 = Debug|Any CPU
		{83BC9702-4192-4654-B359-14CBD71D656E}.Release|Any CPU.ActiveCfg = Release|Any CPU
		{83BC9702-4192-4654-B359-14CBD71D656E}.Release|Any CPU.Build.0 = Release|Any CPU
		{6689F4BE-E1D9-41A9-8B42-E364299D4AA5}.Debug|Any CPU.ActiveCfg = Debug|Any CPU
		{6689F4BE-E1D9-41A9-8B42-E364299D4AA5}.Debug|Any CPU.Build.0 = Debug|Any CPU
		{6689F4BE-E1D9-41A9-8B42-E364299D4AA5}.Release|Any CPU.ActiveCfg = Release|Any CPU
		{6689F4BE-E1D9-41A9-8B42-E364299D4AA5}.Release|Any CPU.Build.0 = Release|Any CPU
	EndGlobalSection
	GlobalSection(SolutionProperties) = preSolution
		HideSolutionNode = FALSE
	EndGlobalSection
EndGlobal
